
Microsoft Visual Studio Solution File, Format Version 12.00
# Visual Studio 15
VisualStudioVersion = 15.0.27130.2036
MinimumVisualStudioVersion = 10.0.40219.1
Project("{888888A0-9F3D-457C-B088-3A5042F75D52}") = "DevBlog", "DevBlog.pyproj", "{6270A5EE-9A9C-43B2-BFF9-87ADF55CC16D}"
EndProject
Global
	GlobalSection(SolutionConfigurationPlatforms) = preSolution
		Debug|Any CPU = Debug|Any CPU
		Release|Any CPU = Release|Any CPU
	EndGlobalSection
	GlobalSection(ProjectConfigurationPlatforms) = postSolution
		{6270A5EE-9A9C-43B2-BFF9-87ADF55CC16D}.Debug|Any CPU.ActiveCfg = Debug|Any CPU
		{6270A5EE-9A9C-43B2-BFF9-87ADF55CC16D}.Debug|Any CPU.Build.0 = Debug|Any CPU
		{6270A5EE-9A9C-43B2-BFF9-87ADF55CC16D}.Release|Any CPU.ActiveCfg = Release|Any CPU
		{6270A5EE-9A9C-43B2-BFF9-87ADF55CC16D}.Release|Any CPU.Build.0 = Release|Any CPU
	EndGlobalSection
	GlobalSection(SolutionProperties) = preSolution
		HideSolutionNode = FALSE
	EndGlobalSection
	GlobalSection(ExtensibilityGlobals) = postSolution
		SolutionGuid = {987BCE75-28DD-4905-866C-44FAEFCF5F19}
	EndGlobalSection
EndGlobal
